
Microsoft Visual Studio Solution File, Format Version 12.00
# Visual Studio Version 16
VisualStudioVersion = 16.0.29920.165
MinimumVisualStudioVersion = 10.0.40219.1
Project("{9A19103F-16F7-4668-BE54-9A1E7A4F7556}") = "OptMethodsLab", "OptMethodsLab\OptMethodsLab.csproj", "{052A14CC-B0E3-438B-A8B6-063343AC938E}"
EndProject
Project("{FAE04EC0-301F-11D3-BF4B-00C04F79EFBC}") = "WinGui", "WinGui\WinGui.csproj", "{CE8BB8AB-FB6D-4089-BDBE-4A7B4D69B760}"
EndProject
Project("{FAE04EC0-301F-11D3-BF4B-00C04F79EFBC}") = "Win10", "Win10\Win10.csproj", "{CB9EA0F8-F197-4C26-9099-ECE6F293C75B}"
EndProject
Project("{FAE04EC0-301F-11D3-BF4B-00C04F79EFBC}") = "Evaluator", "Evaluator\Evaluator.csproj", "{7DA61179-EEB5-4982-BD9F-985D5C7CCA58}"
EndProject
Global
	GlobalSection(SolutionConfigurationPlatforms) = preSolution
		Debug|Any CPU = Debug|Any CPU
		Debug|ARM = Debug|ARM
		Debug|ARM64 = Debug|ARM64
		Debug|x64 = Debug|x64
		Debug|x86 = Debug|x86
		Release|Any CPU = Release|Any CPU
		Release|ARM = Release|ARM
		Release|ARM64 = Release|ARM64
		Release|x64 = Release|x64
		Release|x86 = Release|x86
	EndGlobalSection
	GlobalSection(ProjectConfigurationPlatforms) = postSolution
		{052A14CC-B0E3-438B-A8B6-063343AC938E}.Debug|Any CPU.ActiveCfg = Debug|Any CPU
		{052A14CC-B0E3-438B-A8B6-063343AC938E}.Debug|Any CPU.Build.0 = Debug|Any CPU
		{052A14CC-B0E3-438B-A8B6-063343AC938E}.Debug|ARM.ActiveCfg = Debug|Any CPU
		{052A14CC-B0E3-438B-A8B6-063343AC938E}.Debug|ARM.Build.0 = Debug|Any CPU
		{052A14CC-B0E3-438B-A8B6-063343AC938E}.Debug|ARM64.ActiveCfg = Debug|Any CPU
		{052A14CC-B0E3-438B-A8B6-063343AC938E}.Debug|ARM64.Build.0 = Debug|Any CPU
		{052A14CC-B0E3-438B-A8B6-063343AC938E}.Debug|x64.ActiveCfg = Debug|Any CPU
		{052A14CC-B0E3-438B-A8B6-063343AC938E}.Debug|x64.Build.0 = Debug|Any CPU
		{052A14CC-B0E3-438B-A8B6-063343AC938E}.Debug|x86.ActiveCfg = Debug|Any CPU
		{052A14CC-B0E3-438B-A8B6-063343AC938E}.Debug|x86.Build.0 = Debug|Any CPU
		{052A14CC-B0E3-438B-A8B6-063343AC938E}.Release|Any CPU.ActiveCfg = Release|Any CPU
		{052A14CC-B0E3-438B-A8B6-063343AC938E}.Release|Any CPU.Build.0 = Release|Any CPU
		{052A14CC-B0E3-438B-A8B6-063343AC938E}.Release|ARM.ActiveCfg = Release|Any CPU
		{052A14CC-B0E3-438B-A8B6-063343AC938E}.Release|ARM.Build.0 = Release|Any CPU
		{052A14CC-B0E3-438B-A8B6-063343AC938E}.Release|ARM64.ActiveCfg = Release|Any CPU
		{052A14CC-B0E3-438B-A8B6-063343AC938E}.Release|ARM64.Build.0 = Release|Any CPU
		{052A14CC-B0E3-438B-A8B6-063343AC938E}.Release|x64.ActiveCfg = Release|Any CPU
		{052A14CC-B0E3-438B-A8B6-063343AC938E}.Release|x64.Build.0 = Release|Any CPU
		{052A14CC-B0E3-438B-A8B6-063343AC938E}.Release|x86.ActiveCfg = Release|Any CPU
		{052A14CC-B0E3-438B-A8B6-063343AC938E}.Release|x86.Build.0 = Release|Any CPU
		{CE8BB8AB-FB6D-4089-BDBE-4A7B4D69B760}.Debug|Any CPU.ActiveCfg = Debug|Any CPU
		{CE8BB8AB-FB6D-4089-BDBE-4A7B4D69B760}.Debug|Any CPU.Build.0 = Debug|Any CPU
		{CE8BB8AB-FB6D-4089-BDBE-4A7B4D69B760}.Debug|ARM.ActiveCfg = Debug|Any CPU
		{CE8BB8AB-FB6D-4089-BDBE-4A7B4D69B760}.Debug|ARM.Build.0 = Debug|Any CPU
		{CE8BB8AB-FB6D-4089-BDBE-4A7B4D69B760}.Debug|ARM64.ActiveCfg = Debug|Any CPU
		{CE8BB8AB-FB6D-4089-BDBE-4A7B4D69B760}.Debug|ARM64.Build.0 = Debug|Any CPU
		{CE8BB8AB-FB6D-4089-BDBE-4A7B4D69B760}.Debug|x64.ActiveCfg = Debug|Any CPU
		{CE8BB8AB-FB6D-4089-BDBE-4A7B4D69B760}.Debug|x64.Build.0 = Debug|Any CPU
		{CE8BB8AB-FB6D-4089-BDBE-4A7B4D69B760}.Debug|x86.ActiveCfg = Debug|Any CPU
		{CE8BB8AB-FB6D-4089-BDBE-4A7B4D69B760}.Debug|x86.Build.0 = Debug|Any CPU
		{CE8BB8AB-FB6D-4089-BDBE-4A7B4D69B760}.Release|Any CPU.ActiveCfg = Release|Any CPU
		{CE8BB8AB-FB6D-4089-BDBE-4A7B4D69B760}.Release|Any CPU.Build.0 = Release|Any CPU
		{CE8BB8AB-FB6D-4089-BDBE-4A7B4D69B760}.Release|ARM.ActiveCfg = Release|Any CPU
		{CE8BB8AB-FB6D-4089-BDBE-4A7B4D69B760}.Release|ARM.Build.0 = Release|Any CPU
		{CE8BB8AB-FB6D-4089-BDBE-4A7B4D69B760}.Release|ARM64.ActiveCfg = Release|Any CPU
		{CE8BB8AB-FB6D-4089-BDBE-4A7B4D69B760}.Release|ARM64.Build.0 = Release|Any CPU
		{CE8BB8AB-FB6D-4089-BDBE-4A7B4D69B760}.Release|x64.ActiveCfg = Release|Any CPU
		{CE8BB8AB-FB6D-4089-BDBE-4A7B4D69B760}.Release|x64.Build.0 = Release|Any CPU
		{CE8BB8AB-FB6D-4089-BDBE-4A7B4D69B760}.Release|x86.ActiveCfg = Release|Any CPU
		{CE8BB8AB-FB6D-4089-BDBE-4A7B4D69B760}.Release|x86.Build.0 = Release|Any CPU
		{CB9EA0F8-F197-4C26-9099-ECE6F293C75B}.Debug|Any CPU.ActiveCfg = Debug|x86
		{CB9EA0F8-F197-4C26-9099-ECE6F293C75B}.Debug|ARM.ActiveCfg = Debug|ARM
		{CB9EA0F8-F197-4C26-9099-ECE6F293C75B}.Debug|ARM.Build.0 = Debug|ARM
		{CB9EA0F8-F197-4C26-9099-ECE6F293C75B}.Debug|ARM.Deploy.0 = Debug|ARM
		{CB9EA0F8-F197-4C26-9099-ECE6F293C75B}.Debug|ARM64.ActiveCfg = Debug|ARM64
		{CB9EA0F8-F197-4C26-9099-ECE6F293C75B}.Debug|ARM64.Build.0 = Debug|ARM64
		{CB9EA0F8-F197-4C26-9099-ECE6F293C75B}.Debug|ARM64.Deploy.0 = Debug|ARM64
		{CB9EA0F8-F197-4C26-9099-ECE6F293C75B}.Debug|x64.ActiveCfg = Debug|x64
		{CB9EA0F8-F197-4C26-9099-ECE6F293C75B}.Debug|x64.Build.0 = Debug|x64
		{CB9EA0F8-F197-4C26-9099-ECE6F293C75B}.Debug|x64.Deploy.0 = Debug|x64
		{CB9EA0F8-F197-4C26-9099-ECE6F293C75B}.Debug|x86.ActiveCfg = Debug|x86
		{CB9EA0F8-F197-4C26-9099-ECE6F293C75B}.Debug|x86.Build.0 = Debug|x86
		{CB9EA0F8-F197-4C26-9099-ECE6F293C75B}.Debug|x86.Deploy.0 = Debug|x86
		{CB9EA0F8-F197-4C26-9099-ECE6F293C75B}.Release|Any CPU.ActiveCfg = Release|x86
		{CB9EA0F8-F197-4C26-9099-ECE6F293C75B}.Release|ARM.ActiveCfg = Release|ARM
		{CB9EA0F8-F197-4C26-9099-ECE6F293C75B}.Release|ARM.Build.0 = Release|ARM
		{CB9EA0F8-F197-4C26-9099-ECE6F293C75B}.Release|ARM.Deploy.0 = Release|ARM
		{CB9EA0F8-F197-4C26-9099-ECE6F293C75B}.Release|ARM64.ActiveCfg = Release|ARM64
		{CB9EA0F8-F197-4C26-9099-ECE6F293C75B}.Release|ARM64.Build.0 = Release|ARM64
		{CB9EA0F8-F197-4C26-9099-ECE6F293C75B}.Release|ARM64.Deploy.0 = Release|ARM64
		{CB9EA0F8-F197-4C26-9099-ECE6F293C75B}.Release|x64.ActiveCfg = Release|x64
		{CB9EA0F8-F197-4C26-9099-ECE6F293C75B}.Release|x64.Build.0 = Release|x64
		{CB9EA0F8-F197-4C26-9099-ECE6F293C75B}.Release|x64.Deploy.0 = Release|x64
		{CB9EA0F8-F197-4C26-9099-ECE6F293C75B}.Release|x86.ActiveCfg = Release|x86
		{CB9EA0F8-F197-4C26-9099-ECE6F293C75B}.Release|x86.Build.0 = Release|x86
		{CB9EA0F8-F197-4C26-9099-ECE6F293C75B}.Release|x86.Deploy.0 = Release|x86
		{7DA61179-EEB5-4982-BD9F-985D5C7CCA58}.Debug|Any CPU.ActiveCfg = Debug|Any CPU
		{7DA61179-EEB5-4982-BD9F-985D5C7CCA58}.Debug|Any CPU.Build.0 = Debug|Any CPU
		{7DA61179-EEB5-4982-BD9F-985D5C7CCA58}.Debug|ARM.ActiveCfg = Debug|Any CPU
		{7DA61179-EEB5-4982-BD9F-985D5C7CCA58}.Debug|ARM.Build.0 = Debug|Any CPU
		{7DA61179-EEB5-4982-BD9F-985D5C7CCA58}.Debug|ARM64.ActiveCfg = Debug|Any CPU
		{7DA61179-EEB5-4982-BD9F-985D5C7CCA58}.Debug|ARM64.Build.0 = Debug|Any CPU
		{7DA61179-EEB5-4982-BD9F-985D5C7CCA58}.Debug|x64.ActiveCfg = Debug|Any CPU
		{7DA61179-EEB5-4982-BD9F-985D5C7CCA58}.Debug|x64.Build.0 = Debug|Any CPU
		{7DA61179-EEB5-4982-BD9F-985D5C7CCA58}.Debug|x86.ActiveCfg = Debug|Any CPU
		{7DA61179-EEB5-4982-BD9F-985D5C7CCA58}.Debug|x86.Build.0 = Debug|Any CPU
		{7DA61179-EEB5-4982-BD9F-985D5C7CCA58}.Release|Any CPU.ActiveCfg = Release|Any CPU
		{7DA61179-EEB5-4982-BD9F-985D5C7CCA58}.Release|Any CPU.Build.0 = Release|Any CPU
		{7DA61179-EEB5-4982-BD9F-985D5C7CCA58}.Release|ARM.ActiveCfg = Release|Any CPU
		{7DA61179-EEB5-4982-BD9F-985D5C7CCA58}.Release|ARM.Build.0 = Release|Any CPU
		{7DA61179-EEB5-4982-BD9F-985D5C7CCA58}.Release|ARM64.ActiveCfg = Release|Any CPU
		{7DA61179-EEB5-4982-BD9F-985D5C7CCA58}.Release|ARM64.Build.0 = Release|Any CPU
		{7DA61179-EEB5-4982-BD9F-985D5C7CCA58}.Release|x64.ActiveCfg = Release|Any CPU
		{7DA61179-EEB5-4982-BD9F-985D5C7CCA58}.Release|x64.Build.0 = Release|Any CPU
		{7DA61179-EEB5-4982-BD9F-985D5C7CCA58}.Release|x86.ActiveCfg = Release|Any CPU
		{7DA61179-EEB5-4982-BD9F-985D5C7CCA58}.Release|x86.Build.0 = Release|Any CPU
	EndGlobalSection
	GlobalSection(SolutionProperties) = preSolution
		HideSolutionNode = FALSE
	EndGlobalSection
	GlobalSection(ExtensibilityGlobals) = postSolution
		SolutionGuid = {25C2A4E3-C5FC-4EC6-825C-46EFED18699F}
	EndGlobalSection
EndGlobal
